{
  "name": "talks-css-cognitive-complexity",
  "version": "0.0.0",
  "lockfileVersion": 1,
  "requires": true,
  "dependencies": {
    "@polvtypes/reveal.js": {
      "version": "3.8.1",
      "resolved": "https://registry.npmjs.org/@polvtypes/reveal.js/-/reveal.js-3.8.1.tgz",
      "integrity": "sha512-3mw7MeO0D1sspdoh1nXOYSbHJFINmMqNgixNhx85osRza5movvGMkJL+kCZtOJBMKXvZFxhJcLV+huI4KTfDLQ==",
      "dev": true
    },
    "@types/escape-html": {
      "version": "0.0.20",
      "resolved": "https://registry.npmjs.org/@types/escape-html/-/escape-html-0.0.20.tgz",
      "integrity": "sha512-6dhZJLbA7aOwkYB2GDGdIqJ20wmHnkDzaxV9PJXe7O02I2dSFTERzRB6JrX6cWKaS+VqhhY7cQUMCbO5kloFUw==",
      "dev": true
    },
    "@types/highlight.js": {
      "version": "9.12.3",
      "resolved": "https://registry.npmjs.org/@types/highlight.js/-/highlight.js-9.12.3.tgz",
      "integrity": "sha512-pGF/zvYOACZ/gLGWdQH8zSwteQS1epp68yRcVLJMgUck/MjEn/FBYmPub9pXT8C1e4a8YZfHo1CKyV8q1vKUnQ==",
      "dev": true
    },
    "@types/p5": {
      "version": "0.9.0",
      "resolved": "https://registry.npmjs.org/@types/p5/-/p5-0.9.0.tgz",
      "integrity": "sha512-GhI0ctGdKlnf1oUEYqE+sTWuGHhjQCZXQPxazdI9Lx2eE6z7qO6T55FGFenOY3wpL8jSzLWRmt83RHGblr4AWg==",
      "dev": true
    },
    "escape-html": {
      "version": "1.0.3",
      "resolved": "https://registry.npmjs.org/escape-html/-/escape-html-1.0.3.tgz",
      "integrity": "sha1-Aljq5NPQwJdN4cFpGI7wBR0dGYg="
    },
    "highlight.js": {
      "version": "10.1.2",
      "resolved": "https://registry.npmjs.org/highlight.js/-/highlight.js-10.1.2.tgz",
      "integrity": "sha512-Q39v/Mn5mfBlMff9r+zzA+gWxRsCRKwEMvYTiisLr/XUiFI/4puWt0Ojdko3R3JCNWGdOWaA5g/Yxqa23kC5AA=="
    },
    "p5": {
      "version": "0.10.2",
      "resolved": "https://registry.npmjs.org/p5/-/p5-0.10.2.tgz",
      "integrity": "sha512-kZnC7JllCEnEUTB3sv2iETUg1ulNvB60h3MHb63u7W/nCJc3XIlMGXcKk28cuezdQ7TOlKScm0qmWCsol+302Q=="
    },
    "reveal.js": {
      "version": "3.8.0",
      "resolved": "https://registry.npmjs.org/reveal.js/-/reveal.js-3.8.0.tgz",
      "integrity": "sha512-MQ+UBXIIL9IyBXhkLZWb/AG5h5/BedmnHXHIEavMBawNLVfAayvTrwNlDjGn4tf/CQ2CTJR8jSyIdu4RpfoLpg=="
    }
  }
}
